
Microsoft Visual Studio Solution File, Format Version 12.00
# Visual Studio 14
VisualStudioVersion = 14.0.23107.0
MinimumVisualStudioVersion = 10.0.40219.1
Project("{FAE04EC0-301F-11D3-BF4B-00C04F79EFBC}") = "DateTimeNowAddDays", "DateTime.Now.AddDays\DateTimeNowAddDays.csproj", "{5A044677-9CFB-4441-B0E4-77B279351728}"
EndProject
Project("{FAE04EC0-301F-11D3-BF4B-00C04F79EFBC}") = "DateTimeNowAddDays.Test", "DateTime.Now.AddDays.Test\DateTimeNowAddDays.Test.csproj", "{9D9F234A-CCE0-4138-86FD-698561ED4210}"
EndProject
Project("{FAE04EC0-301F-11D3-BF4B-00C04F79EFBC}") = "TirePressureMonitoringSystem", "ConsoleApplication1\TirePressureMonitoringSystem.csproj", "{8DAD4639-EA2D-472C-898E-944DE5ECCE42}"
EndProject
Project("{FAE04EC0-301F-11D3-BF4B-00C04F79EFBC}") = "TimePressureMonitorinSystem.Test", "TimePressureMonitorinSystem.Test\TimePressureMonitorinSystem.Test.csproj", "{C2598FF3-F685-4A3B-B35D-D7B60E9483B5}"
EndProject
Global
	GlobalSection(SolutionConfigurationPlatforms) = preSolution
		Debug|Any CPU = Debug|Any CPU
		Release|Any CPU = Release|Any CPU
	EndGlobalSection
	GlobalSection(ProjectConfigurationPlatforms) = postSolution
		{5A044677-9CFB-4441-B0E4-77B279351728}.Debug|Any CPU.ActiveCfg = Debug|Any CPU
		{5A044677-9CFB-4441-B0E4-77B279351728}.Debug|Any CPU.Build.0 = Debug|Any CPU
		{5A044677-9CFB-4441-B0E4-77B279351728}.Release|Any CPU.ActiveCfg = Release|Any CPU
		{5A044677-9CFB-4441-B0E4-77B279351728}.Release|Any CPU.Build.0 = Release|Any CPU
		{9D9F234A-CCE0-4138-86FD-698561ED4210}.Debug|Any CPU.ActiveCfg = Debug|Any CPU
		{9D9F234A-CCE0-4138-86FD-698561ED4210}.Debug|Any CPU.Build.0 = Debug|Any CPU
		{9D9F234A-CCE0-4138-86FD-698561ED4210}.Release|Any CPU.ActiveCfg = Release|Any CPU
		{9D9F234A-CCE0-4138-86FD-698561ED4210}.Release|Any CPU.Build.0 = Release|Any CPU
		{8DAD4639-EA2D-472C-898E-944DE5ECCE42}.Debug|Any CPU.ActiveCfg = Debug|Any CPU
		{8DAD4639-EA2D-472C-898E-944DE5ECCE42}.Debug|Any CPU.Build.0 = Debug|Any CPU
		{8DAD4639-EA2D-472C-898E-944DE5ECCE42}.Release|Any CPU.ActiveCfg = Release|Any CPU
		{8DAD4639-EA2D-472C-898E-944DE5ECCE42}.Release|Any CPU.Build.0 = Release|Any CPU
		{C2598FF3-F685-4A3B-B35D-D7B60E9483B5}.Debug|Any CPU.ActiveCfg = Debug|Any CPU
		{C2598FF3-F685-4A3B-B35D-D7B60E9483B5}.Debug|Any CPU.Build.0 = Debug|Any CPU
		{C2598FF3-F685-4A3B-B35D-D7B60E9483B5}.Release|Any CPU.ActiveCfg = Release|Any CPU
		{C2598FF3-F685-4A3B-B35D-D7B60E9483B5}.Release|Any CPU.Build.0 = Release|Any CPU
	EndGlobalSection
	GlobalSection(SolutionProperties) = preSolution
		HideSolutionNode = FALSE
	EndGlobalSection
EndGlobal
